// !$*UTF8*$!
{
	archiveVersion = 1;
	classes = {
	};
	objectVersion = 48;
	objects = {

/* Begin PBXBuildFile section */
		8456ACBA200401460045D520 /* AppDelegate.swift in Sources */ = {isa = PBXBuildFile; fileRef = 8456ACB9200401460045D520 /* AppDelegate.swift */; };
		8456ACBC200401460045D520 /* MainVC.swift in Sources */ = {isa = PBXBuildFile; fileRef = 8456ACBB200401460045D520 /* MainVC.swift */; };
		8456ACBF200401460045D520 /* Main.storyboard in Resources */ = {isa = PBXBuildFile; fileRef = 8456ACBD200401460045D520 /* Main.storyboard */; };
		8456ACC1200401460045D520 /* Assets.xcassets in Resources */ = {isa = PBXBuildFile; fileRef = 8456ACC0200401460045D520 /* Assets.xcassets */; };
		8456ACC4200401460045D520 /* LaunchScreen.storyboard in Resources */ = {isa = PBXBuildFile; fileRef = 8456ACC2200401460045D520 /* LaunchScreen.storyboard */; };
		8456ACCE2004041A0045D520 /* CurrencyTxtField.swift in Sources */ = {isa = PBXBuildFile; fileRef = 8456ACCD2004041A0045D520 /* CurrencyTxtField.swift */; };
/* End PBXBuildFile section */

/* Begin PBXFileReference section */
		8456ACB6200401460045D520 /* windows-shopper.app */ = {isa = PBXFileReference; explicitFileType = wrapper.application; includeInIndex = 0; path = "windows-shopper.app"; sourceTree = BUILT_PRODUCTS_DIR; };
		8456ACB9200401460045D520 /* AppDelegate.swift */ = {isa = PBXFileReference; lastKnownFileType = sourcecode.swift; path = AppDelegate.swift; sourceTree = "<group>"; };
		8456ACBB200401460045D520 /* MainVC.swift */ = {isa = PBXFileReference; lastKnownFileType = sourcecode.swift; path = MainVC.swift; sourceTree = "<group>"; };
		8456ACBE200401460045D520 /* Base */ = {isa = PBXFileReference; lastKnownFileType = file.storyboard; name = Base; path = Base.lproj/Main.storyboard; sourceTree = "<group>"; };
		8456ACC0200401460045D520 /* Assets.xcassets */ = {isa = PBXFileReference; lastKnownFileType = folder.assetcatalog; path = Assets.xcassets; sourceTree = "<group>"; };
		8456ACC3200401460045D520 /* Base */ = {isa = PBXFileReference; lastKnownFileType = file.storyboard; name = Base; path = Base.lproj/LaunchScreen.storyboard; sourceTree = "<group>"; };
		8456ACC5200401460045D520 /* Info.plist */ = {isa = PBXFileReference; lastKnownFileType = text.plist.xml; path = Info.plist; sourceTree = "<group>"; };
		8456ACCD2004041A0045D520 /* CurrencyTxtField.swift */ = {isa = PBXFileReference; lastKnownFileType = sourcecode.swift; path = CurrencyTxtField.swift; sourceTree = "<group>"; };
/* End PBXFileReference section */

/* Begin PBXFrameworksBuildPhase section */
		8456ACB3200401460045D520 /* Frameworks */ = {
			isa = PBXFrameworksBuildPhase;
			buildActionMask = 2147483647;
			files = (
			);
			runOnlyForDeploymentPostprocessing = 0;
		};
/* End PBXFrameworksBuildPhase section */

/* Begin PBXGroup section */
		8456ACAD200401460045D520 = {
			isa = PBXGroup;
			children = (
				8456ACB8200401460045D520 /* windows-shopper */,
				8456ACB7200401460045D520 /* Products */,
			);
			sourceTree = "<group>";
		};
		8456ACB7200401460045D520 /* Products */ = {
			isa = PBXGroup;
			children = (
				8456ACB6200401460045D520 /* windows-shopper.app */,
			);
			name = Products;
			sourceTree = "<group>";
		};
		8456ACB8200401460045D520 /* windows-shopper */ = {
			isa = PBXGroup;
			children = (
				8456ACCC200403CE0045D520 /* Views */,
				8456ACCB200402670045D520 /* Controler */,
				8456ACB9200401460045D520 /* AppDelegate.swift */,
				8456ACBD200401460045D520 /* Main.storyboard */,
				8456ACC0200401460045D520 /* Assets.xcassets */,
				8456ACC2200401460045D520 /* LaunchScreen.storyboard */,
				8456ACC5200401460045D520 /* Info.plist */,
			);
			path = "windows-shopper";
			sourceTree = "<group>";
		};
		8456ACCB200402670045D520 /* Controler */ = {
			isa = PBXGroup;
			children = (
				8456ACBB200401460045D520 /* MainVC.swift */,
			);
			path = Controler;
			sourceTree = "<group>";
		};
		8456ACCC200403CE0045D520 /* Views */ = {
			isa = PBXGroup;
			children = (
				8456ACCD2004041A0045D520 /* CurrencyTxtField.swift */,
			);
			path = Views;
			sourceTree = "<group>";
		};
/* End PBXGroup section */

/* Begin PBXNativeTarget section */
		8456ACB5200401460045D520 /* windows-shopper */ = {
			isa = PBXNativeTarget;
			buildConfigurationList = 8456ACC8200401460045D520 /* Build configuration list for PBXNativeTarget "windows-shopper" */;
			buildPhases = (
				8456ACB2200401460045D520 /* Sources */,
				8456ACB3200401460045D520 /* Frameworks */,
				8456ACB4200401460045D520 /* Resources */,
			);
			buildRules = (
			);
			dependencies = (
			);
			name = "windows-shopper";
			productName = "windows-shopper";
			productReference = 8456ACB6200401460045D520 /* windows-shopper.app */;
			productType = "com.apple.product-type.application";
		};
/* End PBXNativeTarget section */

/* Begin PBXProject section */
		8456ACAE200401460045D520 /* Project object */ = {
			isa = PBXProject;
			attributes = {
				LastSwiftUpdateCheck = 0920;
				LastUpgradeCheck = 0920;
				ORGANIZATIONNAME = piggest;
				TargetAttributes = {
					8456ACB5200401460045D520 = {
						CreatedOnToolsVersion = 9.2;
						ProvisioningStyle = Automatic;
					};
				};
			};
			buildConfigurationList = 8456ACB1200401460045D520 /* Build configuration list for PBXProject "windows-shopper" */;
			compatibilityVersion = "Xcode 8.0";
			developmentRegion = en;
			hasScannedForEncodings = 0;
			knownRegions = (
				en,
				Base,
			);
			mainGroup = 8456ACAD200401460045D520;
			productRefGroup = 8456ACB7200401460045D520 /* Products */;
			projectDirPath = "";
			projectRoot = "";
			targets = (
				8456ACB5200401460045D520 /* windows-shopper */,
			);
		};
/* End PBXProject section */

/* Begin PBXResourcesBuildPhase section */
		8456ACB4200401460045D520 /* Resources */ = {
			isa = PBXResourcesBuildPhase;
			buildActionMask = 2147483647;
			files = (
				8456ACC4200401460045D520 /* LaunchScreen.storyboard in Resources */,
				8456ACC1200401460045D520 /* Assets.xcassets in Resources */,
				8456ACBF200401460045D520 /* Main.storyboard in Resources */,
			);
			runOnlyForDeploymentPostprocessing = 0;
		};
/* End PBXResourcesBuildPhase section */

/* Begin PBXSourcesBuildPhase section */
		8456ACB2200401460045D520 /* Sources */ = {
			isa = PBXSourcesBuildPhase;
			buildActionMask = 2147483647;
			files = (
				8456ACCE2004041A0045D520 /* CurrencyTxtField.swift in Sources */,
				8456ACBC200401460045D520 /* MainVC.swift in Sources */,
				8456ACBA200401460045D520 /* AppDelegate.swift in Sources */,
			);
			runOnlyForDeploymentPostprocessing = 0;
		};
/* End PBXSourcesBuildPhase section */

/* Begin PBXVariantGroup section */
		8456ACBD200401460045D520 /* Main.storyboard */ = {
			isa = PBXVariantGroup;
			children = (
				8456ACBE200401460045D520 /* Base */,
			);
			name = Main.storyboard;
			sourceTree = "<group>";
		};
		8456ACC2200401460045D520 /* LaunchScreen.storyboard */ = {
			isa = PBXVariantGroup;
			children = (
				8456ACC3200401460045D520 /* Base */,
			);
			name = LaunchScreen.storyboard;
			sourceTree = "<group>";
		};
/* End PBXVariantGroup section */

/* Begin XCBuildConfiguration section */
		8456ACC6200401460045D520 /* Debug */ = {
			isa = XCBuildConfiguration;
			buildSettings = {
				ALWAYS_SEARCH_USER_PATHS = NO;
				CLANG_ANALYZER_NONNULL = YES;
				CLANG_ANALYZER_NUMBER_OBJECT_CONVERSION = YES_AGGRESSIVE;
				CLANG_CXX_LANGUAGE_STANDARD = "gnu++14";
				CLANG_CXX_LIBRARY = "libc++";
				CLANG_ENABLE_MODULES = YES;
				CLANG_ENABLE_OBJC_ARC = YES;
				CLANG_WARN_BLOCK_CAPTURE_AUTORELEASING = YES;
				CLANG_WARN_BOOL_CONVERSION = YES;
				CLANG_WARN_COMMA = YES;
				CLANG_WARN_CONSTANT_CONVERSION = YES;
				CLANG_WARN_DIRECT_OBJC_ISA_USAGE = YES_ERROR;
				CLANG_WARN_DOCUMENTATION_COMMENTS = YES;
				CLANG_WARN_EMPTY_BODY = YES;
				CLANG_WARN_ENUM_CONVERSION = YES;
				CLANG_WARN_INFINITE_RECURSION = YES;
				CLANG_WARN_INT_CONVERSION = YES;
				CLANG_WARN_NON_LITERAL_NULL_CONVERSION = YES;
				CLANG_WARN_OBJC_LITERAL_CONVERSION = YES;
				CLANG_WARN_OBJC_ROOT_CLASS = YES_ERROR;
				CLANG_WARN_RANGE_LOOP_ANALYSIS = YES;
				CLANG_WARN_STRICT_PROTOTYPES = YES;
				CLANG_WARN_SUSPICIOUS_MOVE = YES;
				CLANG_WARN_UNGUARDED_AVAILABILITY = YES_AGGRESSIVE;
				CLANG_WARN_UNREACHABLE_CODE = YES;
				CLANG_WARN__DUPLICATE_METHOD_MATCH = YES;
				CODE_SIGN_IDENTITY = "iPhone Developer";
				COPY_PHASE_STRIP = NO;
				DEBUG_INFORMATION_FORMAT = dwarf;
				ENABLE_STRICT_OBJC_MSGSEND = YES;
				ENABLE_TESTABILITY = YES;
				GCC_C_LANGUAGE_STANDARD = gnu11;
				GCC_DYNAMIC_NO_PIC = NO;
				GCC_NO_COMMON_BLOCKS = YES;
				GCC_OPTIMIZATION_LEVEL = 0;
				GCC_PREPROCESSOR_DEFINITIONS = (
					"DEBUG=1",
					"$(inherited)",
				);
				GCC_WARN_64_TO_32_BIT_CONVERSION = YES;
				GCC_WARN_ABOUT_RETURN_TYPE = YES_ERROR;
				GCC_WARN_UNDECLARED_SELECTOR = YES;
				GCC_WARN_UNINITIALIZED_AUTOS = YES_AGGRESSIVE;
				GCC_WARN_UNUSED_FUNCTION = YES;
				GCC_WARN_UNUSED_VARIABLE = YES;
				IPHONEOS_DEPLOYMENT_TARGET = 11.2;
				MTL_ENABLE_DEBUG_INFO = YES;
				ONLY_ACTIVE_ARCH = YES;
				SDKROOT = iphoneos;
				SWIFT_ACTIVE_COMPILATION_CONDITIONS = DEBUG;
				SWIFT_OPTIMIZATION_LEVEL = "-Onone";
			};
			name = Debug;
		};
		8456ACC7200401460045D520 /* Release */ = {
			isa = XCBuildConfiguration;
			buildSettings = {
				ALWAYS_SEARCH_USER_PATHS = NO;
				CLANG_ANALYZER_NONNULL = YES;
				CLANG_ANALYZER_NUMBER_OBJECT_CONVERSION = YES_AGGRESSIVE;
				CLANG_CXX_LANGUAGE_STANDARD = "gnu++14";
				CLANG_CXX_LIBRARY = "libc++";
				CLANG_ENABLE_MODULES = YES;
				CLANG_ENABLE_OBJC_ARC = YES;
				CLANG_WARN_BLOCK_CAPTURE_AUTORELEASING = YES;
				CLANG_WARN_BOOL_CONVERSION = YES;
				CLANG_WARN_COMMA = YES;
				CLANG_WARN_CONSTANT_CONVERSION = YES;
				CLANG_WARN_DIRECT_OBJC_ISA_USAGE = YES_ERROR;
				CLANG_WARN_DOCUMENTATION_COMMENTS = YES;
				CLANG_WARN_EMPTY_BODY = YES;
				CLANG_WARN_ENUM_CONVERSION = YES;
				CLANG_WARN_INFINITE_RECURSION = YES;
				CLANG_WARN_INT_CONVERSION = YES;
				CLANG_WARN_NON_LITERAL_NULL_CONVERSION = YES;
				CLANG_WARN_OBJC_LITERAL_CONVERSION = YES;
				CLANG_WARN_OBJC_ROOT_CLASS = YES_ERROR;
				CLANG_WARN_RANGE_LOOP_ANALYSIS = YES;
				CLANG_WARN_STRICT_PROTOTYPES = YES;
				CLANG_WARN_SUSPICIOUS_MOVE = YES;
				CLANG_WARN_UNGUARDED_AVAILABILITY = YES_AGGRESSIVE;
				CLANG_WARN_UNREACHABLE_CODE = YES;
				CLANG_WARN__DUPLICATE_METHOD_MATCH = YES;
				CODE_SIGN_IDENTITY = "iPhone Developer";
				COPY_PHASE_STRIP = NO;
				DEBUG_INFORMATION_FORMAT = "dwarf-with-dsym";
				ENABLE_NS_ASSERTIONS = NO;
				ENABLE_STRICT_OBJC_MSGSEND = YES;
				GCC_C_LANGUAGE_STANDARD = gnu11;
				GCC_NO_COMMON_BLOCKS = YES;
				GCC_WARN_64_TO_32_BIT_CONVERSION = YES;
				GCC_WARN_ABOUT_RETURN_TYPE = YES_ERROR;
				GCC_WARN_UNDECLARED_SELECTOR = YES;
				GCC_WARN_UNINITIALIZED_AUTOS = YES_AGGRESSIVE;
				GCC_WARN_UNUSED_FUNCTION = YES;
				GCC_WARN_UNUSED_VARIABLE = YES;
				IPHONEOS_DEPLOYMENT_TARGET = 11.2;
				MTL_ENABLE_DEBUG_INFO = NO;
				SDKROOT = iphoneos;
				SWIFT_OPTIMIZATION_LEVEL = "-Owholemodule";
				VALIDATE_PRODUCT = YES;
			};
			name = Release;
		};
		8456ACC9200401460045D520 /* Debug */ = {
			isa = XCBuildConfiguration;
			buildSettings = {
				ASSETCATALOG_COMPILER_APPICON_NAME = AppIcon;
				CODE_SIGN_STYLE = Automatic;
				DEVELOPMENT_TEAM = 9X329BRT6C;
				INFOPLIST_FILE = "windows-shopper/Info.plist";
				LD_RUNPATH_SEARCH_PATHS = "$(inherited) @executable_path/Frameworks";
				PRODUCT_BUNDLE_IDENTIFIER = "fannyfarm.windows-shopper";
				PRODUCT_NAME = "$(TARGET_NAME)";
				SWIFT_VERSION = 4.0;
				TARGETED_DEVICE_FAMILY = "1,2";
			};
			name = Debug;
		};
		8456ACCA200401460045D520 /* Release */ = {
			isa = XCBuildConfiguration;
			buildSettings = {
				ASSETCATALOG_COMPILER_APPICON_NAME = AppIcon;
				CODE_SIGN_STYLE = Automatic;
				DEVELOPMENT_TEAM = 9X329BRT6C;
				INFOPLIST_FILE = "windows-shopper/Info.plist";
				LD_RUNPATH_SEARCH_PATHS = "$(inherited) @executable_path/Frameworks";
				PRODUCT_BUNDLE_IDENTIFIER = "fannyfarm.windows-shopper";
				PRODUCT_NAME = "$(TARGET_NAME)";
				SWIFT_VERSION = 4.0;
				TARGETED_DEVICE_FAMILY = "1,2";
			};
			name = Release;
		};
/* End XCBuildConfiguration section */

/* Begin XCConfigurationList section */
		8456ACB1200401460045D520 /* Build configuration list for PBXProject "windows-shopper" */ = {
			isa = XCConfigurationList;
			buildConfigurations = (
				8456ACC6200401460045D520 /* Debug */,
				8456ACC7200401460045D520 /* Release */,
			);
			defaultConfigurationIsVisible = 0;
			defaultConfigurationName = Release;
		};
		8456ACC8200401460045D520 /* Build configuration list for PBXNativeTarget "windows-shopper" */ = {
			isa = XCConfigurationList;
			buildConfigurations = (
				8456ACC9200401460045D520 /* Debug */,
				8456ACCA200401460045D520 /* Release */,
			);
			defaultConfigurationIsVisible = 0;
			defaultConfigurationName = Release;
		};
/* End XCConfigurationList section */
	};
	rootObject = 8456ACAE200401460045D520 /* Project object */;
}
